
Microsoft Visual Studio Solution File, Format Version 12.00
# Visual Studio Version 17
VisualStudioVersion = 17.14.36414.22
MinimumVisualStudioVersion = 10.0.40219.1
Project("{FAE04EC0-301F-11D3-BF4B-00C04F79EFBC}") = "TutorLiveMentor10", "TutorLiveMentor10.csproj", "{E497662F-22B5-4B33-91A2-1E8DCF0ACB30}"
EndProject
Global
	GlobalSection(SolutionConfigurationPlatforms) = preSolution
		Debug|Any CPU = Debug|Any CPU
		Release|Any CPU = Release|Any CPU
	EndGlobalSection
	GlobalSection(ProjectConfigurationPlatforms) = postSolution
		{E497662F-22B5-4B33-91A2-1E8DCF0ACB30}.Debug|Any CPU.ActiveCfg = Debug|Any CPU
		{E497662F-22B5-4B33-91A2-1E8DCF0ACB30}.Debug|Any CPU.Build.0 = Debug|Any CPU
		{E497662F-22B5-4B33-91A2-1E8DCF0ACB30}.Release|Any CPU.ActiveCfg = Release|Any CPU
		{E497662F-22B5-4B33-91A2-1E8DCF0ACB30}.Release|Any CPU.Build.0 = Release|Any CPU
	EndGlobalSection
	GlobalSection(SolutionProperties) = preSolution
		HideSolutionNode = FALSE
	EndGlobalSection
	GlobalSection(ExtensibilityGlobals) = postSolution
		SolutionGuid = {2A6C12FD-B7B3-42CA-83DE-405DD17E12E7}
	EndGlobalSection
EndGlobal
